
Microsoft Visual Studio Solution File, Format Version 12.00
# Visual Studio Version 16
VisualStudioVersion = 16.0.30611.23
MinimumVisualStudioVersion = 10.0.40219.1
Project("{FAE04EC0-301F-11D3-BF4B-00C04F79EFBC}") = "StudentDB", "StudentInfoSystem\StudentDB.csproj", "{72EA6EBE-41C6-4BA2-AFA2-1FC8366AFCEF}"
EndProject
Global
	GlobalSection(SolutionConfigurationPlatforms) = preSolution
		Debug|Any CPU = Debug|Any CPU
		Release|Any CPU = Release|Any CPU
	EndGlobalSection
	GlobalSection(ProjectConfigurationPlatforms) = postSolution
		{72EA6EBE-41C6-4BA2-AFA2-1FC8366AFCEF}.Debug|Any CPU.ActiveCfg = Debug|Any CPU
		{72EA6EBE-41C6-4BA2-AFA2-1FC8366AFCEF}.Debug|Any CPU.Build.0 = Debug|Any CPU
		{72EA6EBE-41C6-4BA2-AFA2-1FC8366AFCEF}.Release|Any CPU.ActiveCfg = Release|Any CPU
		{72EA6EBE-41C6-4BA2-AFA2-1FC8366AFCEF}.Release|Any CPU.Build.0 = Release|Any CPU
	EndGlobalSection
	GlobalSection(SolutionProperties) = preSolution
		HideSolutionNode = FALSE
	EndGlobalSection
	GlobalSection(ExtensibilityGlobals) = postSolution
		SolutionGuid = {7C02DA69-0E51-4625-BA98-0AF52E2CDE13}
	EndGlobalSection
EndGlobal
